// !$*UTF8*$!
{
	archiveVersion = 1;
	classes = {
	};
	objectVersion = 51;
	objects = {

/* Begin PBXBuildFile section */
		12E7B18109B83749E0BD13CA /* Pods_FindMyPlant.framework in Frameworks */ = {isa = PBXBuildFile; fileRef = 8B677525490ADA32B1C6861D /* Pods_FindMyPlant.framework */; };
		BD00323724F16E840059758A /* FirebaseFMP.swift in Sources */ = {isa = PBXBuildFile; fileRef = BD00323624F16E840059758A /* FirebaseFMP.swift */; };
		BD00324024F275700059758A /* UIViewController.swift in Sources */ = {isa = PBXBuildFile; fileRef = BD00323F24F275700059758A /* UIViewController.swift */; };
		BD15087424D2AA880067AE81 /* TrefleAPiClient.swift in Sources */ = {isa = PBXBuildFile; fileRef = BD15087324D2AA880067AE81 /* TrefleAPiClient.swift */; };
		BD15087724D560F20067AE81 /* TrefleDistributionLevels.swift in Sources */ = {isa = PBXBuildFile; fileRef = BD15087624D560F20067AE81 /* TrefleDistributionLevels.swift */; };
		BD17658424CC41A6006CE73E /* Constants.swift in Sources */ = {isa = PBXBuildFile; fileRef = BD17658324CC41A6006CE73E /* Constants.swift */; };
		BD2D14F824D88B7700758710 /* DetailsViewController.swift in Sources */ = {isa = PBXBuildFile; fileRef = BD2D14F724D88B7700758710 /* DetailsViewController.swift */; };
		BD3C777224C794D70006D16C /* SearchViewController.swift in Sources */ = {isa = PBXBuildFile; fileRef = BD3C777124C794D70006D16C /* SearchViewController.swift */; };
		BD3C777424C794F70006D16C /* FavoritesViewController.swift in Sources */ = {isa = PBXBuildFile; fileRef = BD3C777324C794F70006D16C /* FavoritesViewController.swift */; };
		BD3C777624C795350006D16C /* LoginViewController.swift in Sources */ = {isa = PBXBuildFile; fileRef = BD3C777524C795350006D16C /* LoginViewController.swift */; };
		BD516BB924E5B114005840EF /* RandomPlantsCollectionViewCell.swift in Sources */ = {isa = PBXBuildFile; fileRef = BD516BB824E5B114005840EF /* RandomPlantsCollectionViewCell.swift */; };
		BD53C8CA24ED8A7C00A18B34 /* SearchTableViewCell.swift in Sources */ = {isa = PBXBuildFile; fileRef = BD53C8C924ED8A7C00A18B34 /* SearchTableViewCell.swift */; };
		BD53C8CC24ED8A9100A18B34 /* FavoritesTableViewCell.swift in Sources */ = {isa = PBXBuildFile; fileRef = BD53C8CB24ED8A9100A18B34 /* FavoritesTableViewCell.swift */; };
		BD53C8CE24EDB21F00A18B34 /* String + SentenceCase.swift in Sources */ = {isa = PBXBuildFile; fileRef = BD53C8CD24EDB21F00A18B34 /* String + SentenceCase.swift */; };
		BD6262D524D57C19000AE569 /* L1.swift in Sources */ = {isa = PBXBuildFile; fileRef = BD6262D424D57C19000AE569 /* L1.swift */; };
		BD6262D924D6BF56000AE569 /* PlantsSearchResponse.swift in Sources */ = {isa = PBXBuildFile; fileRef = BD6262D824D6BF56000AE569 /* PlantsSearchResponse.swift */; };
		BD6262DB24D80888000AE569 /* PlantInfo.swift in Sources */ = {isa = PBXBuildFile; fileRef = BD6262DA24D80888000AE569 /* PlantInfo.swift */; };
		BD6262DD24D80917000AE569 /* PlantLinks.swift in Sources */ = {isa = PBXBuildFile; fileRef = BD6262DC24D80917000AE569 /* PlantLinks.swift */; };
		BD6262DF24D81748000AE569 /* PlantMeta.swift in Sources */ = {isa = PBXBuildFile; fileRef = BD6262DE24D81748000AE569 /* PlantMeta.swift */; };
		BD6262E124D83C48000AE569 /* SearchViewController + UISearchBar.swift in Sources */ = {isa = PBXBuildFile; fileRef = BD6262E024D83C48000AE569 /* SearchViewController + UISearchBar.swift */; };
		BD6262E324D83C9F000AE569 /* SearchViewController + UITableView.swift in Sources */ = {isa = PBXBuildFile; fileRef = BD6262E224D83C9F000AE569 /* SearchViewController + UITableView.swift */; };
		BD637B3C24C786AB0052FA3A /* Assets.xcassets in Resources */ = {isa = PBXBuildFile; fileRef = BD637B3B24C786AB0052FA3A /* Assets.xcassets */; };
		BD68CA9524C983750055F45F /* SignupViewController.swift in Sources */ = {isa = PBXBuildFile; fileRef = BD68CA9424C983750055F45F /* SignupViewController.swift */; };
		BD8CD85724E81B5E00600919 /* HomeViewController + UICollectionView.swift in Sources */ = {isa = PBXBuildFile; fileRef = BD8CD85624E81B5E00600919 /* HomeViewController + UICollectionView.swift */; };
		BD99612C24C4CE85001369D0 /* AppDelegate.swift in Sources */ = {isa = PBXBuildFile; fileRef = BD99612B24C4CE85001369D0 /* AppDelegate.swift */; };
		BD99612E24C4CE85001369D0 /* SceneDelegate.swift in Sources */ = {isa = PBXBuildFile; fileRef = BD99612D24C4CE85001369D0 /* SceneDelegate.swift */; };
		BD99613024C4CE85001369D0 /* HomeViewController.swift in Sources */ = {isa = PBXBuildFile; fileRef = BD99612F24C4CE85001369D0 /* HomeViewController.swift */; };
		BD99613324C4CE85001369D0 /* Main.storyboard in Resources */ = {isa = PBXBuildFile; fileRef = BD99613124C4CE85001369D0 /* Main.storyboard */; };
		BD99613824C4CE86001369D0 /* LaunchScreen.storyboard in Resources */ = {isa = PBXBuildFile; fileRef = BD99613624C4CE86001369D0 /* LaunchScreen.storyboard */; };
		BD99614624C72379001369D0 /* GoogleService-Info.plist in Resources */ = {isa = PBXBuildFile; fileRef = BD99614524C72379001369D0 /* GoogleService-Info.plist */; };
		BDA594A124CCB1EC00295C9B /* Alert.swift in Sources */ = {isa = PBXBuildFile; fileRef = BDA594A024CCB1EC00295C9B /* Alert.swift */; };
		BDE6A74424CA03BD00F3CE6F /* Utilities.swift in Sources */ = {isa = PBXBuildFile; fileRef = BDE6A74324CA03BD00F3CE6F /* Utilities.swift */; };
/* End PBXBuildFile section */

/* Begin PBXFileReference section */
		6DFF79FF6341A7F7A5746D3E /* Pods-FindMyPlant.debug.xcconfig */ = {isa = PBXFileReference; includeInIndex = 1; lastKnownFileType = text.xcconfig; name = "Pods-FindMyPlant.debug.xcconfig"; path = "Target Support Files/Pods-FindMyPlant/Pods-FindMyPlant.debug.xcconfig"; sourceTree = "<group>"; };
		8B677525490ADA32B1C6861D /* Pods_FindMyPlant.framework */ = {isa = PBXFileReference; explicitFileType = wrapper.framework; includeInIndex = 0; path = Pods_FindMyPlant.framework; sourceTree = BUILT_PRODUCTS_DIR; };
		BD00323624F16E840059758A /* FirebaseFMP.swift */ = {isa = PBXFileReference; lastKnownFileType = sourcecode.swift; path = FirebaseFMP.swift; sourceTree = "<group>"; };
		BD00323F24F275700059758A /* UIViewController.swift */ = {isa = PBXFileReference; lastKnownFileType = sourcecode.swift; path = UIViewController.swift; sourceTree = "<group>"; };
		BD15087324D2AA880067AE81 /* TrefleAPiClient.swift */ = {isa = PBXFileReference; lastKnownFileType = sourcecode.swift; path = TrefleAPiClient.swift; sourceTree = "<group>"; };
		BD15087624D560F20067AE81 /* TrefleDistributionLevels.swift */ = {isa = PBXFileReference; lastKnownFileType = sourcecode.swift; path = TrefleDistributionLevels.swift; sourceTree = "<group>"; };
		BD17658324CC41A6006CE73E /* Constants.swift */ = {isa = PBXFileReference; lastKnownFileType = sourcecode.swift; path = Constants.swift; sourceTree = "<group>"; };
		BD2D14F724D88B7700758710 /* DetailsViewController.swift */ = {isa = PBXFileReference; lastKnownFileType = sourcecode.swift; path = DetailsViewController.swift; sourceTree = "<group>"; };
		BD3C777124C794D70006D16C /* SearchViewController.swift */ = {isa = PBXFileReference; lastKnownFileType = sourcecode.swift; path = SearchViewController.swift; sourceTree = "<group>"; };
		BD3C777324C794F70006D16C /* FavoritesViewController.swift */ = {isa = PBXFileReference; lastKnownFileType = sourcecode.swift; path = FavoritesViewController.swift; sourceTree = "<group>"; };
		BD3C777524C795350006D16C /* LoginViewController.swift */ = {isa = PBXFileReference; lastKnownFileType = sourcecode.swift; path = LoginViewController.swift; sourceTree = "<group>"; };
		BD516BB824E5B114005840EF /* RandomPlantsCollectionViewCell.swift */ = {isa = PBXFileReference; lastKnownFileType = sourcecode.swift; path = RandomPlantsCollectionViewCell.swift; sourceTree = "<group>"; };
		BD53C8C924ED8A7C00A18B34 /* SearchTableViewCell.swift */ = {isa = PBXFileReference; lastKnownFileType = sourcecode.swift; path = SearchTableViewCell.swift; sourceTree = "<group>"; };
		BD53C8CB24ED8A9100A18B34 /* FavoritesTableViewCell.swift */ = {isa = PBXFileReference; lastKnownFileType = sourcecode.swift; path = FavoritesTableViewCell.swift; sourceTree = "<group>"; };
		BD53C8CD24EDB21F00A18B34 /* String + SentenceCase.swift */ = {isa = PBXFileReference; lastKnownFileType = sourcecode.swift; path = "String + SentenceCase.swift"; sourceTree = "<group>"; };
		BD6262D424D57C19000AE569 /* L1.swift */ = {isa = PBXFileReference; lastKnownFileType = sourcecode.swift; path = L1.swift; sourceTree = "<group>"; };
		BD6262D824D6BF56000AE569 /* PlantsSearchResponse.swift */ = {isa = PBXFileReference; lastKnownFileType = sourcecode.swift; path = PlantsSearchResponse.swift; sourceTree = "<group>"; };
		BD6262DA24D80888000AE569 /* PlantInfo.swift */ = {isa = PBXFileReference; lastKnownFileType = sourcecode.swift; path = PlantInfo.swift; sourceTree = "<group>"; };
		BD6262DC24D80917000AE569 /* PlantLinks.swift */ = {isa = PBXFileReference; lastKnownFileType = sourcecode.swift; path = PlantLinks.swift; sourceTree = "<group>"; };
		BD6262DE24D81748000AE569 /* PlantMeta.swift */ = {isa = PBXFileReference; lastKnownFileType = sourcecode.swift; path = PlantMeta.swift; sourceTree = "<group>"; };
		BD6262E024D83C48000AE569 /* SearchViewController + UISearchBar.swift */ = {isa = PBXFileReference; lastKnownFileType = sourcecode.swift; path = "SearchViewController + UISearchBar.swift"; sourceTree = "<group>"; };
		BD6262E224D83C9F000AE569 /* SearchViewController + UITableView.swift */ = {isa = PBXFileReference; lastKnownFileType = sourcecode.swift; path = "SearchViewController + UITableView.swift"; sourceTree = "<group>"; };
		BD637B3B24C786AB0052FA3A /* Assets.xcassets */ = {isa = PBXFileReference; lastKnownFileType = folder.assetcatalog; path = Assets.xcassets; sourceTree = "<group>"; };
		BD68CA9424C983750055F45F /* SignupViewController.swift */ = {isa = PBXFileReference; lastKnownFileType = sourcecode.swift; path = SignupViewController.swift; sourceTree = "<group>"; };
		BD8CD85624E81B5E00600919 /* HomeViewController + UICollectionView.swift */ = {isa = PBXFileReference; lastKnownFileType = sourcecode.swift; path = "HomeViewController + UICollectionView.swift"; sourceTree = "<group>"; };
		BD99612824C4CE85001369D0 /* FindMyPlant.app */ = {isa = PBXFileReference; explicitFileType = wrapper.application; includeInIndex = 0; path = FindMyPlant.app; sourceTree = BUILT_PRODUCTS_DIR; };
		BD99612B24C4CE85001369D0 /* AppDelegate.swift */ = {isa = PBXFileReference; lastKnownFileType = sourcecode.swift; path = AppDelegate.swift; sourceTree = "<group>"; };
		BD99612D24C4CE85001369D0 /* SceneDelegate.swift */ = {isa = PBXFileReference; lastKnownFileType = sourcecode.swift; path = SceneDelegate.swift; sourceTree = "<group>"; };
		BD99612F24C4CE85001369D0 /* HomeViewController.swift */ = {isa = PBXFileReference; lastKnownFileType = sourcecode.swift; path = HomeViewController.swift; sourceTree = "<group>"; };
		BD99613224C4CE85001369D0 /* Base */ = {isa = PBXFileReference; lastKnownFileType = file.storyboard; name = Base; path = Base.lproj/Main.storyboard; sourceTree = "<group>"; };
		BD99613724C4CE86001369D0 /* Base */ = {isa = PBXFileReference; lastKnownFileType = file.storyboard; name = Base; path = Base.lproj/LaunchScreen.storyboard; sourceTree = "<group>"; };
		BD99613924C4CE86001369D0 /* Info.plist */ = {isa = PBXFileReference; lastKnownFileType = text.plist.xml; path = Info.plist; sourceTree = "<group>"; };
		BD99614524C72379001369D0 /* GoogleService-Info.plist */ = {isa = PBXFileReference; fileEncoding = 4; lastKnownFileType = text.plist.xml; path = "GoogleService-Info.plist"; sourceTree = "<group>"; };
		BDA594A024CCB1EC00295C9B /* Alert.swift */ = {isa = PBXFileReference; lastKnownFileType = sourcecode.swift; path = Alert.swift; sourceTree = "<group>"; };
		BDE6A74324CA03BD00F3CE6F /* Utilities.swift */ = {isa = PBXFileReference; lastKnownFileType = sourcecode.swift; path = Utilities.swift; sourceTree = "<group>"; };
		E83B4F4E3B29D1413C0A6CD7 /* Pods-FindMyPlant.release.xcconfig */ = {isa = PBXFileReference; includeInIndex = 1; lastKnownFileType = text.xcconfig; name = "Pods-FindMyPlant.release.xcconfig"; path = "Target Support Files/Pods-FindMyPlant/Pods-FindMyPlant.release.xcconfig"; sourceTree = "<group>"; };
/* End PBXFileReference section */

/* Begin PBXFrameworksBuildPhase section */
		BD99612524C4CE85001369D0 /* Frameworks */ = {
			isa = PBXFrameworksBuildPhase;
			buildActionMask = 2147483647;
			files = (
				12E7B18109B83749E0BD13CA /* Pods_FindMyPlant.framework in Frameworks */,
			);
			runOnlyForDeploymentPostprocessing = 0;
		};
/* End PBXFrameworksBuildPhase section */

/* Begin PBXGroup section */
		233F8C6D5E917E1EB5023C49 /* Pods */ = {
			isa = PBXGroup;
			children = (
				6DFF79FF6341A7F7A5746D3E /* Pods-FindMyPlant.debug.xcconfig */,
				E83B4F4E3B29D1413C0A6CD7 /* Pods-FindMyPlant.release.xcconfig */,
			);
			path = Pods;
			sourceTree = "<group>";
		};
		8317A9789549D2A61B8E369F /* Frameworks */ = {
			isa = PBXGroup;
			children = (
				8B677525490ADA32B1C6861D /* Pods_FindMyPlant.framework */,
			);
			name = Frameworks;
			sourceTree = "<group>";
		};
		BD15087524D2ABF00067AE81 /* Trefle.io Client */ = {
			isa = PBXGroup;
			children = (
				BD15087324D2AA880067AE81 /* TrefleAPiClient.swift */,
				BD6262D224D57BCC000AE569 /* WGSRPD Levels */,
			);
			path = "Trefle.io Client";
			sourceTree = "<group>";
		};
		BD2D14F624D88B3300758710 /* DetailsViewController */ = {
			isa = PBXGroup;
			children = (
				BD2D14F724D88B7700758710 /* DetailsViewController.swift */,
			);
			path = DetailsViewController;
			sourceTree = "<group>";
		};
		BD516BB424E5AFFD005840EF /* Custom Collection View Cells */ = {
			isa = PBXGroup;
			children = (
				BD516BB724E5B0ED005840EF /* HomeViewController */,
			);
			path = "Custom Collection View Cells";
			sourceTree = "<group>";
		};
		BD516BB724E5B0ED005840EF /* HomeViewController */ = {
			isa = PBXGroup;
			children = (
				BD516BB824E5B114005840EF /* RandomPlantsCollectionViewCell.swift */,
			);
			path = HomeViewController;
			sourceTree = "<group>";
		};
		BD53C8C624ED8A2400A18B34 /* Custom Table View Cells */ = {
			isa = PBXGroup;
			children = (
				BD53C8C824ED8A5000A18B34 /* FavoritesViewController */,
				BD53C8C724ED8A3200A18B34 /* SearchViewController */,
			);
			path = "Custom Table View Cells";
			sourceTree = "<group>";
		};
		BD53C8C724ED8A3200A18B34 /* SearchViewController */ = {
			isa = PBXGroup;
			children = (
				BD53C8C924ED8A7C00A18B34 /* SearchTableViewCell.swift */,
			);
			path = SearchViewController;
			sourceTree = "<group>";
		};
		BD53C8C824ED8A5000A18B34 /* FavoritesViewController */ = {
			isa = PBXGroup;
			children = (
				BD53C8CB24ED8A9100A18B34 /* FavoritesTableViewCell.swift */,
			);
			path = FavoritesViewController;
			sourceTree = "<group>";
		};
		BD6262D224D57BCC000AE569 /* WGSRPD Levels */ = {
			isa = PBXGroup;
			children = (
				BD15087624D560F20067AE81 /* TrefleDistributionLevels.swift */,
				BD6262D324D57C03000AE569 /* Level 1 */,
			);
			path = "WGSRPD Levels";
			sourceTree = "<group>";
		};
		BD6262D324D57C03000AE569 /* Level 1 */ = {
			isa = PBXGroup;
			children = (
				BD6262D424D57C19000AE569 /* L1.swift */,
			);
			path = "Level 1";
			sourceTree = "<group>";
		};
		BD6262D624D582CB000AE569 /* Trefle.io Responses */ = {
			isa = PBXGroup;
			children = (
				BD6262D824D6BF56000AE569 /* PlantsSearchResponse.swift */,
				BD6262DA24D80888000AE569 /* PlantInfo.swift */,
				BD6262DC24D80917000AE569 /* PlantLinks.swift */,
				BD6262DE24D81748000AE569 /* PlantMeta.swift */,
			);
			path = "Trefle.io Responses";
			sourceTree = "<group>";
		};
		BD99611F24C4CE85001369D0 = {
			isa = PBXGroup;
			children = (
				BD99612A24C4CE85001369D0 /* FindMyPlant */,
				BD99612924C4CE85001369D0 /* Products */,
				233F8C6D5E917E1EB5023C49 /* Pods */,
				8317A9789549D2A61B8E369F /* Frameworks */,
			);
			sourceTree = "<group>";
		};
		BD99612924C4CE85001369D0 /* Products */ = {
			isa = PBXGroup;
			children = (
				BD99612824C4CE85001369D0 /* FindMyPlant.app */,
			);
			name = Products;
			sourceTree = "<group>";
		};
		BD99612A24C4CE85001369D0 /* FindMyPlant */ = {
			isa = PBXGroup;
			children = (
				BD99612B24C4CE85001369D0 /* AppDelegate.swift */,
				BD99612D24C4CE85001369D0 /* SceneDelegate.swift */,
				BD99613924C4CE86001369D0 /* Info.plist */,
				BD99613F24C4CF12001369D0 /* Models */,
				BD99614124C4CF24001369D0 /* Views */,
				BD99614024C4CF1C001369D0 /* Controllers */,
				BDE6A74224CA038800F3CE6F /* Utilities */,
				BD99614324C4CF6B001369D0 /* Assets */,
				BD99614224C4CF43001369D0 /* Storyboards */,
				BD99614424C72330001369D0 /* Supporting Files */,
			);
			path = FindMyPlant;
			sourceTree = "<group>";
		};
		BD99613F24C4CF12001369D0 /* Models */ = {
			isa = PBXGroup;
			children = (
				BD15087524D2ABF00067AE81 /* Trefle.io Client */,
				BD6262D624D582CB000AE569 /* Trefle.io Responses */,
			);
			path = Models;
			sourceTree = "<group>";
		};
		BD99614024C4CF1C001369D0 /* Controllers */ = {
			isa = PBXGroup;
			children = (
				BDA5949824CCA8BF00295C9B /* LoginViewController */,
				BDA5949924CCA8F300295C9B /* SignupViewController */,
				BDA5949A24CCA90F00295C9B /* HomeViewController */,
				BDA5949B24CCA91B00295C9B /* SearchViewController */,
				BD2D14F624D88B3300758710 /* DetailsViewController */,
				BDA5949C24CCA92900295C9B /* FavoritesViewController */,
				BD9FE3AC24CCB7690014FC96 /* Extensions */,
			);
			path = Controllers;
			sourceTree = "<group>";
		};
		BD99614124C4CF24001369D0 /* Views */ = {
			isa = PBXGroup;
			children = (
				BD53C8C624ED8A2400A18B34 /* Custom Table View Cells */,
				BD516BB424E5AFFD005840EF /* Custom Collection View Cells */,
			);
			path = Views;
			sourceTree = "<group>";
		};
		BD99614224C4CF43001369D0 /* Storyboards */ = {
			isa = PBXGroup;
			children = (
				BD99613124C4CE85001369D0 /* Main.storyboard */,
				BD99613624C4CE86001369D0 /* LaunchScreen.storyboard */,
			);
			path = Storyboards;
			sourceTree = "<group>";
		};
		BD99614324C4CF6B001369D0 /* Assets */ = {
			isa = PBXGroup;
			children = (
				BD637B3B24C786AB0052FA3A /* Assets.xcassets */,
			);
			path = Assets;
			sourceTree = "<group>";
		};
		BD99614424C72330001369D0 /* Supporting Files */ = {
			isa = PBXGroup;
			children = (
				BD99614524C72379001369D0 /* GoogleService-Info.plist */,
			);
			path = "Supporting Files";
			sourceTree = "<group>";
		};
		BD9FE3AC24CCB7690014FC96 /* Extensions */ = {
			isa = PBXGroup;
			children = (
				BD00323F24F275700059758A /* UIViewController.swift */,
				BD53C8CD24EDB21F00A18B34 /* String + SentenceCase.swift */,
			);
			path = Extensions;
			sourceTree = "<group>";
		};
		BDA5949824CCA8BF00295C9B /* LoginViewController */ = {
			isa = PBXGroup;
			children = (
				BD3C777524C795350006D16C /* LoginViewController.swift */,
			);
			path = LoginViewController;
			sourceTree = "<group>";
		};
		BDA5949924CCA8F300295C9B /* SignupViewController */ = {
			isa = PBXGroup;
			children = (
				BD68CA9424C983750055F45F /* SignupViewController.swift */,
			);
			path = SignupViewController;
			sourceTree = "<group>";
		};
		BDA5949A24CCA90F00295C9B /* HomeViewController */ = {
			isa = PBXGroup;
			children = (
				BD99612F24C4CE85001369D0 /* HomeViewController.swift */,
				BD8CD85624E81B5E00600919 /* HomeViewController + UICollectionView.swift */,
			);
			path = HomeViewController;
			sourceTree = "<group>";
		};
		BDA5949B24CCA91B00295C9B /* SearchViewController */ = {
			isa = PBXGroup;
			children = (
				BD3C777124C794D70006D16C /* SearchViewController.swift */,
				BD6262E024D83C48000AE569 /* SearchViewController + UISearchBar.swift */,
				BD6262E224D83C9F000AE569 /* SearchViewController + UITableView.swift */,
			);
			path = SearchViewController;
			sourceTree = "<group>";
		};
		BDA5949C24CCA92900295C9B /* FavoritesViewController */ = {
			isa = PBXGroup;
			children = (
				BD3C777324C794F70006D16C /* FavoritesViewController.swift */,
			);
			path = FavoritesViewController;
			sourceTree = "<group>";
		};
		BDE6A74224CA038800F3CE6F /* Utilities */ = {
			isa = PBXGroup;
			children = (
				BDE6A74324CA03BD00F3CE6F /* Utilities.swift */,
				BD17658324CC41A6006CE73E /* Constants.swift */,
				BDA594A024CCB1EC00295C9B /* Alert.swift */,
				BD00323624F16E840059758A /* FirebaseFMP.swift */,
			);
			path = Utilities;
			sourceTree = "<group>";
		};
/* End PBXGroup section */

/* Begin PBXNativeTarget section */
		BD99612724C4CE85001369D0 /* FindMyPlant */ = {
			isa = PBXNativeTarget;
			buildConfigurationList = BD99613C24C4CE86001369D0 /* Build configuration list for PBXNativeTarget "FindMyPlant" */;
			buildPhases = (
				6BF007B5D3DA803D1E05DE8C /* [CP] Check Pods Manifest.lock */,
				BD99612424C4CE85001369D0 /* Sources */,
				BD99612524C4CE85001369D0 /* Frameworks */,
				BD99612624C4CE85001369D0 /* Resources */,
				88803C62C767E7C4F66699E2 /* [CP] Embed Pods Frameworks */,
			);
			buildRules = (
			);
			dependencies = (
			);
			name = FindMyPlant;
			productName = FindMyPlant;
			productReference = BD99612824C4CE85001369D0 /* FindMyPlant.app */;
			productType = "com.apple.product-type.application";
		};
/* End PBXNativeTarget section */

/* Begin PBXProject section */
		BD99612024C4CE85001369D0 /* Project object */ = {
			isa = PBXProject;
			attributes = {
				LastSwiftUpdateCheck = 1160;
				LastUpgradeCheck = 1160;
				ORGANIZATIONNAME = "Luis Angel Vazquez Alor";
				TargetAttributes = {
					BD99612724C4CE85001369D0 = {
						CreatedOnToolsVersion = 11.6;
					};
				};
			};
			buildConfigurationList = BD99612324C4CE85001369D0 /* Build configuration list for PBXProject "FindMyPlant" */;
			compatibilityVersion = "Xcode 9.3";
			developmentRegion = en;
			hasScannedForEncodings = 0;
			knownRegions = (
				en,
				Base,
			);
			mainGroup = BD99611F24C4CE85001369D0;
			productRefGroup = BD99612924C4CE85001369D0 /* Products */;
			projectDirPath = "";
			projectRoot = "";
			targets = (
				BD99612724C4CE85001369D0 /* FindMyPlant */,
			);
		};
/* End PBXProject section */

/* Begin PBXResourcesBuildPhase section */
		BD99612624C4CE85001369D0 /* Resources */ = {
			isa = PBXResourcesBuildPhase;
			buildActionMask = 2147483647;
			files = (
				BD99613824C4CE86001369D0 /* LaunchScreen.storyboard in Resources */,
				BD99614624C72379001369D0 /* GoogleService-Info.plist in Resources */,
				BD637B3C24C786AB0052FA3A /* Assets.xcassets in Resources */,
				BD99613324C4CE85001369D0 /* Main.storyboard in Resources */,
			);
			runOnlyForDeploymentPostprocessing = 0;
		};
/* End PBXResourcesBuildPhase section */

/* Begin PBXShellScriptBuildPhase section */
		6BF007B5D3DA803D1E05DE8C /* [CP] Check Pods Manifest.lock */ = {
			isa = PBXShellScriptBuildPhase;
			buildActionMask = 2147483647;
			files = (
			);
			inputFileListPaths = (
			);
			inputPaths = (
				"${PODS_PODFILE_DIR_PATH}/Podfile.lock",
				"${PODS_ROOT}/Manifest.lock",
			);
			name = "[CP] Check Pods Manifest.lock";
			outputFileListPaths = (
			);
			outputPaths = (
				"$(DERIVED_FILE_DIR)/Pods-FindMyPlant-checkManifestLockResult.txt",
			);
			runOnlyForDeploymentPostprocessing = 0;
			shellPath = /bin/sh;
			shellScript = "diff \"${PODS_PODFILE_DIR_PATH}/Podfile.lock\" \"${PODS_ROOT}/Manifest.lock\" > /dev/null\nif [ $? != 0 ] ; then\n    # print error to STDERR\n    echo \"error: The sandbox is not in sync with the Podfile.lock. Run 'pod install' or update your CocoaPods installation.\" >&2\n    exit 1\nfi\n# This output is used by Xcode 'outputs' to avoid re-running this script phase.\necho \"SUCCESS\" > \"${SCRIPT_OUTPUT_FILE_0}\"\n";
			showEnvVarsInLog = 0;
		};
		88803C62C767E7C4F66699E2 /* [CP] Embed Pods Frameworks */ = {
			isa = PBXShellScriptBuildPhase;
			buildActionMask = 2147483647;
			files = (
			);
			inputFileListPaths = (
				"${PODS_ROOT}/Target Support Files/Pods-FindMyPlant/Pods-FindMyPlant-frameworks-${CONFIGURATION}-input-files.xcfilelist",
			);
			name = "[CP] Embed Pods Frameworks";
			outputFileListPaths = (
				"${PODS_ROOT}/Target Support Files/Pods-FindMyPlant/Pods-FindMyPlant-frameworks-${CONFIGURATION}-output-files.xcfilelist",
			);
			runOnlyForDeploymentPostprocessing = 0;
			shellPath = /bin/sh;
			shellScript = "\"${PODS_ROOT}/Target Support Files/Pods-FindMyPlant/Pods-FindMyPlant-frameworks.sh\"\n";
			showEnvVarsInLog = 0;
		};
/* End PBXShellScriptBuildPhase section */

/* Begin PBXSourcesBuildPhase section */
		BD99612424C4CE85001369D0 /* Sources */ = {
			isa = PBXSourcesBuildPhase;
			buildActionMask = 2147483647;
			files = (
				BD00324024F275700059758A /* UIViewController.swift in Sources */,
				BD6262D524D57C19000AE569 /* L1.swift in Sources */,
				BD53C8CC24ED8A9100A18B34 /* FavoritesTableViewCell.swift in Sources */,
				BD2D14F824D88B7700758710 /* DetailsViewController.swift in Sources */,
				BD3C777624C795350006D16C /* LoginViewController.swift in Sources */,
				BD15087424D2AA880067AE81 /* TrefleAPiClient.swift in Sources */,
				BD15087724D560F20067AE81 /* TrefleDistributionLevels.swift in Sources */,
				BD99613024C4CE85001369D0 /* HomeViewController.swift in Sources */,
				BD6262DB24D80888000AE569 /* PlantInfo.swift in Sources */,
				BD6262E324D83C9F000AE569 /* SearchViewController + UITableView.swift in Sources */,
				BD68CA9524C983750055F45F /* SignupViewController.swift in Sources */,
				BD6262D924D6BF56000AE569 /* PlantsSearchResponse.swift in Sources */,
				BD99612C24C4CE85001369D0 /* AppDelegate.swift in Sources */,
				BD3C777224C794D70006D16C /* SearchViewController.swift in Sources */,
				BD17658424CC41A6006CE73E /* Constants.swift in Sources */,
				BDA594A124CCB1EC00295C9B /* Alert.swift in Sources */,
				BD516BB924E5B114005840EF /* RandomPlantsCollectionViewCell.swift in Sources */,
				BD53C8CE24EDB21F00A18B34 /* String + SentenceCase.swift in Sources */,
				BD6262DD24D80917000AE569 /* PlantLinks.swift in Sources */,
				BDE6A74424CA03BD00F3CE6F /* Utilities.swift in Sources */,
				BD6262DF24D81748000AE569 /* PlantMeta.swift in Sources */,
				BD53C8CA24ED8A7C00A18B34 /* SearchTableViewCell.swift in Sources */,
				BD8CD85724E81B5E00600919 /* HomeViewController + UICollectionView.swift in Sources */,
				BD6262E124D83C48000AE569 /* SearchViewController + UISearchBar.swift in Sources */,
				BD3C777424C794F70006D16C /* FavoritesViewController.swift in Sources */,
				BD00323724F16E840059758A /* FirebaseFMP.swift in Sources */,
				BD99612E24C4CE85001369D0 /* SceneDelegate.swift in Sources */,
			);
			runOnlyForDeploymentPostprocessing = 0;
		};
/* End PBXSourcesBuildPhase section */

/* Begin PBXVariantGroup section */
		BD99613124C4CE85001369D0 /* Main.storyboard */ = {
			isa = PBXVariantGroup;
			children = (
				BD99613224C4CE85001369D0 /* Base */,
			);
			name = Main.storyboard;
			sourceTree = "<group>";
		};
		BD99613624C4CE86001369D0 /* LaunchScreen.storyboard */ = {
			isa = PBXVariantGroup;
			children = (
				BD99613724C4CE86001369D0 /* Base */,
			);
			name = LaunchScreen.storyboard;
			sourceTree = "<group>";
		};
/* End PBXVariantGroup section */

/* Begin XCBuildConfiguration section */
		BD99613A24C4CE86001369D0 /* Debug */ = {
			isa = XCBuildConfiguration;
			buildSettings = {
				ALWAYS_SEARCH_USER_PATHS = NO;
				CLANG_ANALYZER_NONNULL = YES;
				CLANG_ANALYZER_NUMBER_OBJECT_CONVERSION = YES_AGGRESSIVE;
				CLANG_CXX_LANGUAGE_STANDARD = "gnu++14";
				CLANG_CXX_LIBRARY = "libc++";
				CLANG_ENABLE_MODULES = YES;
				CLANG_ENABLE_OBJC_ARC = YES;
				CLANG_ENABLE_OBJC_WEAK = YES;
				CLANG_WARN_BLOCK_CAPTURE_AUTORELEASING = YES;
				CLANG_WARN_BOOL_CONVERSION = YES;
				CLANG_WARN_COMMA = YES;
				CLANG_WARN_CONSTANT_CONVERSION = YES;
				CLANG_WARN_DEPRECATED_OBJC_IMPLEMENTATIONS = YES;
				CLANG_WARN_DIRECT_OBJC_ISA_USAGE = YES_ERROR;
				CLANG_WARN_DOCUMENTATION_COMMENTS = YES;
				CLANG_WARN_EMPTY_BODY = YES;
				CLANG_WARN_ENUM_CONVERSION = YES;
				CLANG_WARN_INFINITE_RECURSION = YES;
				CLANG_WARN_INT_CONVERSION = YES;
				CLANG_WARN_NON_LITERAL_NULL_CONVERSION = YES;
				CLANG_WARN_OBJC_IMPLICIT_RETAIN_SELF = YES;
				CLANG_WARN_OBJC_LITERAL_CONVERSION = YES;
				CLANG_WARN_OBJC_ROOT_CLASS = YES_ERROR;
				CLANG_WARN_RANGE_LOOP_ANALYSIS = YES;
				CLANG_WARN_STRICT_PROTOTYPES = YES;
				CLANG_WARN_SUSPICIOUS_MOVE = YES;
				CLANG_WARN_UNGUARDED_AVAILABILITY = YES_AGGRESSIVE;
				CLANG_WARN_UNREACHABLE_CODE = YES;
				CLANG_WARN__DUPLICATE_METHOD_MATCH = YES;
				COPY_PHASE_STRIP = NO;
				DEBUG_INFORMATION_FORMAT = dwarf;
				ENABLE_STRICT_OBJC_MSGSEND = YES;
				ENABLE_TESTABILITY = YES;
				GCC_C_LANGUAGE_STANDARD = gnu11;
				GCC_DYNAMIC_NO_PIC = NO;
				GCC_NO_COMMON_BLOCKS = YES;
				GCC_OPTIMIZATION_LEVEL = 0;
				GCC_PREPROCESSOR_DEFINITIONS = (
					"DEBUG=1",
					"$(inherited)",
				);
				GCC_WARN_64_TO_32_BIT_CONVERSION = YES;
				GCC_WARN_ABOUT_RETURN_TYPE = YES_ERROR;
				GCC_WARN_UNDECLARED_SELECTOR = YES;
				GCC_WARN_UNINITIALIZED_AUTOS = YES_AGGRESSIVE;
				GCC_WARN_UNUSED_FUNCTION = YES;
				GCC_WARN_UNUSED_VARIABLE = YES;
				IPHONEOS_DEPLOYMENT_TARGET = 13.6;
				MTL_ENABLE_DEBUG_INFO = INCLUDE_SOURCE;
				MTL_FAST_MATH = YES;
				ONLY_ACTIVE_ARCH = YES;
				SDKROOT = iphoneos;
				SWIFT_ACTIVE_COMPILATION_CONDITIONS = DEBUG;
				SWIFT_OPTIMIZATION_LEVEL = "-Onone";
			};
			name = Debug;
		};
		BD99613B24C4CE86001369D0 /* Release */ = {
			isa = XCBuildConfiguration;
			buildSettings = {
				ALWAYS_SEARCH_USER_PATHS = NO;
				CLANG_ANALYZER_NONNULL = YES;
				CLANG_ANALYZER_NUMBER_OBJECT_CONVERSION = YES_AGGRESSIVE;
				CLANG_CXX_LANGUAGE_STANDARD = "gnu++14";
				CLANG_CXX_LIBRARY = "libc++";
				CLANG_ENABLE_MODULES = YES;
				CLANG_ENABLE_OBJC_ARC = YES;
				CLANG_ENABLE_OBJC_WEAK = YES;
				CLANG_WARN_BLOCK_CAPTURE_AUTORELEASING = YES;
				CLANG_WARN_BOOL_CONVERSION = YES;
				CLANG_WARN_COMMA = YES;
				CLANG_WARN_CONSTANT_CONVERSION = YES;
				CLANG_WARN_DEPRECATED_OBJC_IMPLEMENTATIONS = YES;
				CLANG_WARN_DIRECT_OBJC_ISA_USAGE = YES_ERROR;
				CLANG_WARN_DOCUMENTATION_COMMENTS = YES;
				CLANG_WARN_EMPTY_BODY = YES;
				CLANG_WARN_ENUM_CONVERSION = YES;
				CLANG_WARN_INFINITE_RECURSION = YES;
				CLANG_WARN_INT_CONVERSION = YES;
				CLANG_WARN_NON_LITERAL_NULL_CONVERSION = YES;
				CLANG_WARN_OBJC_IMPLICIT_RETAIN_SELF = YES;
				CLANG_WARN_OBJC_LITERAL_CONVERSION = YES;
				CLANG_WARN_OBJC_ROOT_CLASS = YES_ERROR;
				CLANG_WARN_RANGE_LOOP_ANALYSIS = YES;
				CLANG_WARN_STRICT_PROTOTYPES = YES;
				CLANG_WARN_SUSPICIOUS_MOVE = YES;
				CLANG_WARN_UNGUARDED_AVAILABILITY = YES_AGGRESSIVE;
				CLANG_WARN_UNREACHABLE_CODE = YES;
				CLANG_WARN__DUPLICATE_METHOD_MATCH = YES;
				COPY_PHASE_STRIP = NO;
				DEBUG_INFORMATION_FORMAT = "dwarf-with-dsym";
				ENABLE_NS_ASSERTIONS = NO;
				ENABLE_STRICT_OBJC_MSGSEND = YES;
				GCC_C_LANGUAGE_STANDARD = gnu11;
				GCC_NO_COMMON_BLOCKS = YES;
				GCC_WARN_64_TO_32_BIT_CONVERSION = YES;
				GCC_WARN_ABOUT_RETURN_TYPE = YES_ERROR;
				GCC_WARN_UNDECLARED_SELECTOR = YES;
				GCC_WARN_UNINITIALIZED_AUTOS = YES_AGGRESSIVE;
				GCC_WARN_UNUSED_FUNCTION = YES;
				GCC_WARN_UNUSED_VARIABLE = YES;
				IPHONEOS_DEPLOYMENT_TARGET = 13.6;
				MTL_ENABLE_DEBUG_INFO = NO;
				MTL_FAST_MATH = YES;
				SDKROOT = iphoneos;
				SWIFT_COMPILATION_MODE = wholemodule;
				SWIFT_OPTIMIZATION_LEVEL = "-O";
				VALIDATE_PRODUCT = YES;
			};
			name = Release;
		};
		BD99613D24C4CE86001369D0 /* Debug */ = {
			isa = XCBuildConfiguration;
			baseConfigurationReference = 6DFF79FF6341A7F7A5746D3E /* Pods-FindMyPlant.debug.xcconfig */;
			buildSettings = {
				ASSETCATALOG_COMPILER_APPICON_NAME = AppIcon;
				CODE_SIGN_STYLE = Automatic;
				DEVELOPMENT_TEAM = RVJ4MBL36M;
				INFOPLIST_FILE = FindMyPlant/Info.plist;
				IPHONEOS_DEPLOYMENT_TARGET = 13.0;
				LD_RUNPATH_SEARCH_PATHS = (
					"$(inherited)",
					"@executable_path/Frameworks",
				);
				PRODUCT_BUNDLE_IDENTIFIER = com.luisangelvazquezalor.FindMyPlant;
				PRODUCT_NAME = "$(TARGET_NAME)";
				SWIFT_VERSION = 5.0;
				TARGETED_DEVICE_FAMILY = "1,2";
			};
			name = Debug;
		};
		BD99613E24C4CE86001369D0 /* Release */ = {
			isa = XCBuildConfiguration;
			baseConfigurationReference = E83B4F4E3B29D1413C0A6CD7 /* Pods-FindMyPlant.release.xcconfig */;
			buildSettings = {
				ASSETCATALOG_COMPILER_APPICON_NAME = AppIcon;
				CODE_SIGN_STYLE = Automatic;
				DEVELOPMENT_TEAM = RVJ4MBL36M;
				INFOPLIST_FILE = FindMyPlant/Info.plist;
				IPHONEOS_DEPLOYMENT_TARGET = 13.0;
				LD_RUNPATH_SEARCH_PATHS = (
					"$(inherited)",
					"@executable_path/Frameworks",
				);
				PRODUCT_BUNDLE_IDENTIFIER = com.luisangelvazquezalor.FindMyPlant;
				PRODUCT_NAME = "$(TARGET_NAME)";
				SWIFT_VERSION = 5.0;
				TARGETED_DEVICE_FAMILY = "1,2";
			};
			name = Release;
		};
/* End XCBuildConfiguration section */

/* Begin XCConfigurationList section */
		BD99612324C4CE85001369D0 /* Build configuration list for PBXProject "FindMyPlant" */ = {
			isa = XCConfigurationList;
			buildConfigurations = (
				BD99613A24C4CE86001369D0 /* Debug */,
				BD99613B24C4CE86001369D0 /* Release */,
			);
			defaultConfigurationIsVisible = 0;
			defaultConfigurationName = Release;
		};
		BD99613C24C4CE86001369D0 /* Build configuration list for PBXNativeTarget "FindMyPlant" */ = {
			isa = XCConfigurationList;
			buildConfigurations = (
				BD99613D24C4CE86001369D0 /* Debug */,
				BD99613E24C4CE86001369D0 /* Release */,
			);
			defaultConfigurationIsVisible = 0;
			defaultConfigurationName = Release;
		};
/* End XCConfigurationList section */
	};
	rootObject = BD99612024C4CE85001369D0 /* Project object */;
}
